
Microsoft Visual Studio Solution File, Format Version 12.00
# Visual Studio Version 17
VisualStudioVersion = 17.14.36202.13 d17.14
MinimumVisualStudioVersion = 10.0.40219.1
Project("{FAE04EC0-301F-11D3-BF4B-00C04F79EFBC}") = "App3", "App3.csproj", "{442FEFC2-EEA7-4638-90CB-EE232098831C}"
EndProject
Global
	GlobalSection(SolutionConfigurationPlatforms) = preSolution
		Debug|Any CPU = Debug|Any CPU
		Release|Any CPU = Release|Any CPU
	EndGlobalSection
	GlobalSection(ProjectConfigurationPlatforms) = postSolution
		{442FEFC2-EEA7-4638-90CB-EE232098831C}.Debug|Any CPU.ActiveCfg = Debug|Any CPU
		{442FEFC2-EEA7-4638-90CB-EE232098831C}.Debug|Any CPU.Build.0 = Debug|Any CPU
		{442FEFC2-EEA7-4638-90CB-EE232098831C}.Release|Any CPU.ActiveCfg = Release|Any CPU
		{442FEFC2-EEA7-4638-90CB-EE232098831C}.Release|Any CPU.Build.0 = Release|Any CPU
	EndGlobalSection
	GlobalSection(SolutionProperties) = preSolution
		HideSolutionNode = FALSE
	EndGlobalSection
	GlobalSection(ExtensibilityGlobals) = postSolution
		SolutionGuid = {906DFF66-9251-4EFA-B91D-4355B658D3A4}
	EndGlobalSection
EndGlobal
